
Microsoft Visual Studio Solution File, Format Version 12.00
# Visual Studio Version 16
VisualStudioVersion = 16.0.31515.178
MinimumVisualStudioVersion = 10.0.40219.1
Project("{8BC9CEB8-8B4A-11D0-8D11-00A0C91BC942}") = "HW_WK_3_2", "HW_WK_3_2\HW_WK_3_2.vcxproj", "{E51B2ECB-8A8D-48EF-86E2-026F9F8F4043}"
EndProject
Global
	GlobalSection(SolutionConfigurationPlatforms) = preSolution
		Debug|x64 = Debug|x64
		Debug|x86 = Debug|x86
		Release|x64 = Release|x64
		Release|x86 = Release|x86
	EndGlobalSection
	GlobalSection(ProjectConfigurationPlatforms) = postSolution
		{E51B2ECB-8A8D-48EF-86E2-026F9F8F4043}.Debug|x64.ActiveCfg = Debug|x64
		{E51B2ECB-8A8D-48EF-86E2-026F9F8F4043}.Debug|x64.Build.0 = Debug|x64
		{E51B2ECB-8A8D-48EF-86E2-026F9F8F4043}.Debug|x86.ActiveCfg = Debug|Win32
		{E51B2ECB-8A8D-48EF-86E2-026F9F8F4043}.Debug|x86.Build.0 = Debug|Win32
		{E51B2ECB-8A8D-48EF-86E2-026F9F8F4043}.Release|x64.ActiveCfg = Release|x64
		{E51B2ECB-8A8D-48EF-86E2-026F9F8F4043}.Release|x64.Build.0 = Release|x64
		{E51B2ECB-8A8D-48EF-86E2-026F9F8F4043}.Release|x86.ActiveCfg = Release|Win32
		{E51B2ECB-8A8D-48EF-86E2-026F9F8F4043}.Release|x86.Build.0 = Release|Win32
	EndGlobalSection
	GlobalSection(SolutionProperties) = preSolution
		HideSolutionNode = FALSE
	EndGlobalSection
	GlobalSection(ExtensibilityGlobals) = postSolution
		SolutionGuid = {1D121987-A93A-49CF-9494-D6BA67DB2D26}
	EndGlobalSection
EndGlobal
